// !$*UTF8*$!
{
	archiveVersion = 1;
	classes = {
	};
	objectVersion = 46;
	objects = {

/* Begin PBXBuildFile section */
		BF_0C92DB75B7247DFD7B2C9DD6ECBF6C27 /* CounterNode.swift in Sources */ = {isa = PBXBuildFile; fileRef = FR_A1745789103EA06A7B245D5A42504562 /* CounterNode.swift */; };
		BF_2E0A4513DBBF53F91E8D8E2C10A3C5B5 /* AppDelegate.swift in Sources */ = {isa = PBXBuildFile; fileRef = FR_FC15CF6B99E19D210E96746020928F77 /* AppDelegate.swift */; };
		BF_3B859E5CA90FF197116451E825A6577B /* Main.storyboard in Resources */ = {isa = PBXBuildFile; fileRef = VG_CD5C1FD7C6EDB0AFB8B5ACAE1DF23AB3 /* Main.storyboard */; };
		BF_7CC1C6F55018FDBF5AB0ACF3031AF01F /* LaunchScreen.storyboard in Resources */ = {isa = PBXBuildFile; fileRef = VG_929B94556F628507093387740C3D7554 /* LaunchScreen.storyboard */; };
		BF_7E9F82CE3F8FF054A75A5377070573BB /* CounterController.swift in Sources */ = {isa = PBXBuildFile; fileRef = FR_7CD99E1EE63BA8517FCDD15C42E8C705 /* CounterController.swift */; };
		BF_8F0CC9B8EA291D55F0C1F60476F5D8B0 /* CoreRender.framework in Embed Frameworks */ = {isa = PBXBuildFile; fileRef = FR_D2D3DCBC78E24F09505DCAECFCAC2F44 /* CoreRender.framework */; settings = {ATTRIBUTES = (CodeSignOnCopy, RemoveHeadersOnCopy, ); }; };
		BF_A363E6C5646AADFF4E1707A09D5226B1 /* CoreRender.framework in Frameworks */ = {isa = PBXBuildFile; fileRef = FR_D2D3DCBC78E24F09505DCAECFCAC2F44 /* CoreRender.framework */; };
		BF_B89095FEB096DC5D888036E57B71F6D3 /* Assets.xcassets in Resources */ = {isa = PBXBuildFile; fileRef = FR_794AB5E2302DF1B390EF342EE60390B0 /* Assets.xcassets */; };
/* End PBXBuildFile section */

/* Begin PBXCopyFilesBuildPhase section */
		CFBP_421248EA8E830BAD769E9EF69602F0ED /* Embed Frameworks */ = {
			isa = PBXCopyFilesBuildPhase;
			buildActionMask = 2147483647;
			dstPath = "";
			dstSubfolderSpec = 10;
			files = (
				BF_8F0CC9B8EA291D55F0C1F60476F5D8B0 /* CoreRender.framework in Embed Frameworks */,
			);
			name = "Embed Frameworks";
			runOnlyForDeploymentPostprocessing = 0;
		};
/* End PBXCopyFilesBuildPhase section */

/* Begin PBXFileReference section */
		FR_23DCDC213B4A254CF131B8CF790ABE42 /* Base */ = {isa = PBXFileReference; lastKnownFileType = file.storyboard; name = Base; path = Base.lproj/Main.storyboard; sourceTree = "<group>"; };
		FR_30B130208E94FDAE1908DE45CB85FEA7 /* Base */ = {isa = PBXFileReference; lastKnownFileType = file.storyboard; name = Base; path = Base.lproj/LaunchScreen.storyboard; sourceTree = "<group>"; };
		FR_794AB5E2302DF1B390EF342EE60390B0 /* Assets.xcassets */ = {isa = PBXFileReference; lastKnownFileType = folder.assetcatalog; path = Assets.xcassets; sourceTree = "<group>"; };
		FR_7CD99E1EE63BA8517FCDD15C42E8C705 /* CounterController.swift */ = {isa = PBXFileReference; lastKnownFileType = sourcecode.swift; path = CounterController.swift; sourceTree = "<group>"; };
		FR_A1745789103EA06A7B245D5A42504562 /* CounterNode.swift */ = {isa = PBXFileReference; lastKnownFileType = sourcecode.swift; path = CounterNode.swift; sourceTree = "<group>"; };
		FR_AF72FD5FB3E5DF535E22D9C35D87F672 /* CoreRenderDemo.app */ = {isa = PBXFileReference; includeInIndex = 0; lastKnownFileType = wrapper.application; path = CoreRenderDemo.app; sourceTree = BUILT_PRODUCTS_DIR; };
		FR_C9FFB3A3CFAE1CECBF3C778CC9B66352 /* Info.plist */ = {isa = PBXFileReference; lastKnownFileType = text.plist.xml; path = Info.plist; sourceTree = "<group>"; };
		FR_D2D3DCBC78E24F09505DCAECFCAC2F44 /* CoreRender.framework */ = {isa = PBXFileReference; lastKnownFileType = wrapper.framework; name = CoreRender.framework; path = ../bin/CoreRender.framework; sourceTree = "<group>"; };
		FR_FC15CF6B99E19D210E96746020928F77 /* AppDelegate.swift */ = {isa = PBXFileReference; lastKnownFileType = sourcecode.swift; path = AppDelegate.swift; sourceTree = "<group>"; };
/* End PBXFileReference section */

/* Begin PBXFrameworksBuildPhase section */
		FBP_5E619BB77DE8414E55E803F531EC8811 /* Frameworks */ = {
			isa = PBXFrameworksBuildPhase;
			buildActionMask = 2147483647;
			files = (
				BF_A363E6C5646AADFF4E1707A09D5226B1 /* CoreRender.framework in Frameworks */,
			);
			runOnlyForDeploymentPostprocessing = 0;
		};
/* End PBXFrameworksBuildPhase section */

/* Begin PBXGroup section */
		G_27501A423973176CF801607B6961FDE9 /* Frameworks */ = {
			isa = PBXGroup;
			children = (
				FR_D2D3DCBC78E24F09505DCAECFCAC2F44 /* CoreRender.framework */,
			);
			name = Frameworks;
			sourceTree = "<group>";
		};
		G_286405CDCD160F6013EEEF24627E00BA = {
			isa = PBXGroup;
			children = (
				G_AB3DC38CF1DD27A4ACE6D3E14DDD2CFE /* src */,
				G_27501A423973176CF801607B6961FDE9 /* Frameworks */,
				G_5FABF9A8C2383D09021B33941A0506A5 /* Products */,
			);
			sourceTree = "<group>";
		};
		G_388C164600FCFF360A51F2D3F85303D7 /* Counter */ = {
			isa = PBXGroup;
			children = (
				FR_7CD99E1EE63BA8517FCDD15C42E8C705 /* CounterController.swift */,
				FR_A1745789103EA06A7B245D5A42504562 /* CounterNode.swift */,
			);
			path = Counter;
			sourceTree = "<group>";
		};
		G_5FABF9A8C2383D09021B33941A0506A5 /* Products */ = {
			isa = PBXGroup;
			children = (
				FR_AF72FD5FB3E5DF535E22D9C35D87F672 /* CoreRenderDemo.app */,
			);
			name = Products;
			sourceTree = "<group>";
		};
		G_AB3DC38CF1DD27A4ACE6D3E14DDD2CFE /* src */ = {
			isa = PBXGroup;
			children = (
				FR_FC15CF6B99E19D210E96746020928F77 /* AppDelegate.swift */,
				FR_794AB5E2302DF1B390EF342EE60390B0 /* Assets.xcassets */,
				FR_C9FFB3A3CFAE1CECBF3C778CC9B66352 /* Info.plist */,
				VG_929B94556F628507093387740C3D7554 /* LaunchScreen.storyboard */,
				VG_CD5C1FD7C6EDB0AFB8B5ACAE1DF23AB3 /* Main.storyboard */,
				G_388C164600FCFF360A51F2D3F85303D7 /* Counter */,
			);
			path = src;
			sourceTree = "<group>";
		};
/* End PBXGroup section */

/* Begin PBXNativeTarget section */
		NT_A78CD6D98A564C92B30F8C95B0144023 /* CoreRenderDemo */ = {
			isa = PBXNativeTarget;
			buildConfigurationList = CL_F9F8E5C29FC002D3DA83B51E1F5CE80A /* Build configuration list for PBXNativeTarget "CoreRenderDemo" */;
			buildPhases = (
				SBP_545CC27769438DD7FE7E2B27551CD92C /* Sources */,
				RBP_A2CF5D6649F0FFE4759C356DC8D226C5 /* Resources */,
				FBP_5E619BB77DE8414E55E803F531EC8811 /* Frameworks */,
				CFBP_421248EA8E830BAD769E9EF69602F0ED /* Embed Frameworks */,
			);
			buildRules = (
			);
			dependencies = (
			);
			name = CoreRenderDemo;
			productName = CoreRenderDemo;
			productReference = FR_AF72FD5FB3E5DF535E22D9C35D87F672 /* CoreRenderDemo.app */;
			productType = "com.apple.product-type.application";
		};
/* End PBXNativeTarget section */

/* Begin PBXProject section */
		P_F7458FFAE127E80AE8C3724B66BDD96A /* Project object */ = {
			isa = PBXProject;
			attributes = {
				LastUpgradeCheck = 1000;
			};
			buildConfigurationList = CL_22F05AB31ED5217B38B850AA8B8FCDB5 /* Build configuration list for PBXProject "CoreRenderDemo" */;
			compatibilityVersion = "Xcode 3.2";
			developmentRegion = en;
			hasScannedForEncodings = 0;
			knownRegions = (
				Base,
			);
			mainGroup = G_286405CDCD160F6013EEEF24627E00BA;
			projectDirPath = "";
			projectRoot = "";
			targets = (
				NT_A78CD6D98A564C92B30F8C95B0144023 /* CoreRenderDemo */,
			);
		};
/* End PBXProject section */

/* Begin PBXResourcesBuildPhase section */
		RBP_A2CF5D6649F0FFE4759C356DC8D226C5 /* Resources */ = {
			isa = PBXResourcesBuildPhase;
			buildActionMask = 2147483647;
			files = (
				BF_B89095FEB096DC5D888036E57B71F6D3 /* Assets.xcassets in Resources */,
				BF_7CC1C6F55018FDBF5AB0ACF3031AF01F /* LaunchScreen.storyboard in Resources */,
				BF_3B859E5CA90FF197116451E825A6577B /* Main.storyboard in Resources */,
			);
			runOnlyForDeploymentPostprocessing = 0;
		};
/* End PBXResourcesBuildPhase section */

/* Begin PBXSourcesBuildPhase section */
		SBP_545CC27769438DD7FE7E2B27551CD92C /* Sources */ = {
			isa = PBXSourcesBuildPhase;
			buildActionMask = 2147483647;
			files = (
				BF_2E0A4513DBBF53F91E8D8E2C10A3C5B5 /* AppDelegate.swift in Sources */,
				BF_7E9F82CE3F8FF054A75A5377070573BB /* CounterController.swift in Sources */,
				BF_0C92DB75B7247DFD7B2C9DD6ECBF6C27 /* CounterNode.swift in Sources */,
			);
			runOnlyForDeploymentPostprocessing = 0;
		};
/* End PBXSourcesBuildPhase section */

/* Begin PBXVariantGroup section */
		VG_929B94556F628507093387740C3D7554 /* LaunchScreen.storyboard */ = {
			isa = PBXVariantGroup;
			children = (
				FR_30B130208E94FDAE1908DE45CB85FEA7 /* Base */,
			);
			name = LaunchScreen.storyboard;
			sourceTree = "<group>";
		};
		VG_CD5C1FD7C6EDB0AFB8B5ACAE1DF23AB3 /* Main.storyboard */ = {
			isa = PBXVariantGroup;
			children = (
				FR_23DCDC213B4A254CF131B8CF790ABE42 /* Base */,
			);
			name = Main.storyboard;
			sourceTree = "<group>";
		};
/* End PBXVariantGroup section */

/* Begin XCBuildConfiguration section */
		BC_3CDAC4962893EBD4CE193A32155E7C7D /* Release */ = {
			isa = XCBuildConfiguration;
			buildSettings = {
				ALWAYS_EMBED_SWIFT_STANDARD_LIBRARIES = YES;
				ASSETCATALOG_COMPILER_APPICON_NAME = AppIcon;
				CODE_SIGN_IDENTITY = "iPhone Developer";
				FRAMEWORK_SEARCH_PATHS = (
					"$(inherited)",
					"\"../bin\"",
				);
				INFOPLIST_FILE = src/Info.plist;
				INFOPLIST_PREPROCESS = YES;
				IPHONEOS_DEPLOYMENT_TARGET = 10.0;
				LD_RUNPATH_SEARCH_PATHS = "$(inherited) @executable_path/Frameworks";
				PRODUCT_BUNDLE_IDENTIFIER = io.alexdrone.CoreRenderDemo.CoreRenderDemo;
				SDKROOT = iphoneos;
				TARGETED_DEVICE_FAMILY = "1,2";
			};
			name = Release;
		};
		BC_75EA5F950AC90DE4BC065CA795D1CA2B /* Release */ = {
			isa = XCBuildConfiguration;
			buildSettings = {
				ALWAYS_SEARCH_USER_PATHS = NO;
				CLANG_ANALYZER_NONNULL = YES;
				CLANG_ANALYZER_NUMBER_OBJECT_CONVERSION = YES_AGGRESSIVE;
				CLANG_CXX_LANGUAGE_STANDARD = "gnu++14";
				CLANG_CXX_LIBRARY = "libc++";
				CLANG_ENABLE_MODULES = YES;
				CLANG_ENABLE_OBJC_ARC = YES;
				CLANG_WARN_BLOCK_CAPTURE_AUTORELEASING = YES;
				CLANG_WARN_BOOL_CONVERSION = YES;
				CLANG_WARN_COMMA = YES;
				CLANG_WARN_CONSTANT_CONVERSION = YES;
				CLANG_WARN_DEPRECATED_OBJC_IMPLEMENTATIONS = YES;
				CLANG_WARN_DIRECT_OBJC_ISA_USAGE = YES_ERROR;
				CLANG_WARN_DOCUMENTATION_COMMENTS = YES;
				CLANG_WARN_EMPTY_BODY = YES;
				CLANG_WARN_ENUM_CONVERSION = YES;
				CLANG_WARN_INFINITE_RECURSION = YES;
				CLANG_WARN_INT_CONVERSION = YES;
				CLANG_WARN_NON_LITERAL_NULL_CONVERSION = YES;
				CLANG_WARN_OBJC_IMPLICIT_RETAIN_SELF = YES;
				CLANG_WARN_OBJC_LITERAL_CONVERSION = YES;
				CLANG_WARN_OBJC_ROOT_CLASS = YES_ERROR;
				CLANG_WARN_RANGE_LOOP_ANALYSIS = YES;
				CLANG_WARN_STRICT_PROTOTYPES = YES;
				CLANG_WARN_SUSPICIOUS_MOVE = YES;
				CLANG_WARN_UNGUARDED_AVAILABILITY = YES_AGGRESSIVE;
				CLANG_WARN_UNREACHABLE_CODE = YES;
				CLANG_WARN__DUPLICATE_METHOD_MATCH = YES;
				COPY_PHASE_STRIP = NO;
				DEBUG_INFORMATION_FORMAT = "dwarf-with-dsym";
				ENABLE_NS_ASSERTIONS = NO;
				ENABLE_STRICT_OBJC_MSGSEND = YES;
				GCC_C_LANGUAGE_STANDARD = gnu11;
				GCC_NO_COMMON_BLOCKS = YES;
				GCC_WARN_64_TO_32_BIT_CONVERSION = YES;
				GCC_WARN_ABOUT_RETURN_TYPE = YES_ERROR;
				GCC_WARN_UNDECLARED_SELECTOR = YES;
				GCC_WARN_UNINITIALIZED_AUTOS = YES_AGGRESSIVE;
				GCC_WARN_UNUSED_FUNCTION = YES;
				GCC_WARN_UNUSED_VARIABLE = YES;
				PRODUCT_NAME = "$(TARGET_NAME)";
				SDKROOT = iphoneos;
				SWIFT_OPTIMIZATION_LEVEL = "-Owholemodule";
				SWIFT_VERSION = 4.2;
				VALIDATE_PRODUCT = YES;
			};
			name = Release;
		};
		BC_9CB47D8B80544CB01C54A839DC1062A0 /* Debug */ = {
			isa = XCBuildConfiguration;
			buildSettings = {
				ALWAYS_EMBED_SWIFT_STANDARD_LIBRARIES = YES;
				ASSETCATALOG_COMPILER_APPICON_NAME = AppIcon;
				CODE_SIGN_IDENTITY = "iPhone Developer";
				FRAMEWORK_SEARCH_PATHS = (
					"$(inherited)",
					"\"../bin\"",
				);
				INFOPLIST_FILE = src/Info.plist;
				INFOPLIST_PREPROCESS = YES;
				IPHONEOS_DEPLOYMENT_TARGET = 10.0;
				LD_RUNPATH_SEARCH_PATHS = "$(inherited) @executable_path/Frameworks";
				PRODUCT_BUNDLE_IDENTIFIER = io.alexdrone.CoreRenderDemo.CoreRenderDemo;
				SDKROOT = iphoneos;
				TARGETED_DEVICE_FAMILY = "1,2";
			};
			name = Debug;
		};
		BC_EC4C743D9E583D75E2F2F1513BC68367 /* Debug */ = {
			isa = XCBuildConfiguration;
			buildSettings = {
				ALWAYS_SEARCH_USER_PATHS = NO;
				CLANG_ANALYZER_NONNULL = YES;
				CLANG_ANALYZER_NUMBER_OBJECT_CONVERSION = YES_AGGRESSIVE;
				CLANG_CXX_LANGUAGE_STANDARD = "gnu++14";
				CLANG_CXX_LIBRARY = "libc++";
				CLANG_ENABLE_MODULES = YES;
				CLANG_ENABLE_OBJC_ARC = YES;
				CLANG_WARN_BLOCK_CAPTURE_AUTORELEASING = YES;
				CLANG_WARN_BOOL_CONVERSION = YES;
				CLANG_WARN_COMMA = YES;
				CLANG_WARN_CONSTANT_CONVERSION = YES;
				CLANG_WARN_DEPRECATED_OBJC_IMPLEMENTATIONS = YES;
				CLANG_WARN_DIRECT_OBJC_ISA_USAGE = YES_ERROR;
				CLANG_WARN_DOCUMENTATION_COMMENTS = YES;
				CLANG_WARN_EMPTY_BODY = YES;
				CLANG_WARN_ENUM_CONVERSION = YES;
				CLANG_WARN_INFINITE_RECURSION = YES;
				CLANG_WARN_INT_CONVERSION = YES;
				CLANG_WARN_NON_LITERAL_NULL_CONVERSION = YES;
				CLANG_WARN_OBJC_IMPLICIT_RETAIN_SELF = YES;
				CLANG_WARN_OBJC_LITERAL_CONVERSION = YES;
				CLANG_WARN_OBJC_ROOT_CLASS = YES_ERROR;
				CLANG_WARN_RANGE_LOOP_ANALYSIS = YES;
				CLANG_WARN_STRICT_PROTOTYPES = YES;
				CLANG_WARN_SUSPICIOUS_MOVE = YES;
				CLANG_WARN_UNGUARDED_AVAILABILITY = YES_AGGRESSIVE;
				CLANG_WARN_UNREACHABLE_CODE = YES;
				CLANG_WARN__DUPLICATE_METHOD_MATCH = YES;
				COPY_PHASE_STRIP = NO;
				DEBUG_INFORMATION_FORMAT = dwarf;
				ENABLE_STRICT_OBJC_MSGSEND = YES;
				ENABLE_TESTABILITY = YES;
				GCC_C_LANGUAGE_STANDARD = gnu11;
				GCC_DYNAMIC_NO_PIC = NO;
				GCC_NO_COMMON_BLOCKS = YES;
				GCC_OPTIMIZATION_LEVEL = 0;
				GCC_PREPROCESSOR_DEFINITIONS = (
					"$(inherited)",
					"DEBUG=1",
				);
				GCC_WARN_64_TO_32_BIT_CONVERSION = YES;
				GCC_WARN_ABOUT_RETURN_TYPE = YES_ERROR;
				GCC_WARN_UNDECLARED_SELECTOR = YES;
				GCC_WARN_UNINITIALIZED_AUTOS = YES_AGGRESSIVE;
				GCC_WARN_UNUSED_FUNCTION = YES;
				GCC_WARN_UNUSED_VARIABLE = YES;
				MTL_ENABLE_DEBUG_INFO = YES;
				ONLY_ACTIVE_ARCH = YES;
				PRODUCT_NAME = "$(TARGET_NAME)";
				SDKROOT = iphoneos;
				SWIFT_ACTIVE_COMPILATION_CONDITIONS = DEBUG;
				SWIFT_OPTIMIZATION_LEVEL = "-Onone";
				SWIFT_VERSION = 4.2;
			};
			name = Debug;
		};
/* End XCBuildConfiguration section */

/* Begin XCConfigurationList section */
		CL_22F05AB31ED5217B38B850AA8B8FCDB5 /* Build configuration list for PBXProject "CoreRenderDemo" */ = {
			isa = XCConfigurationList;
			buildConfigurations = (
				BC_EC4C743D9E583D75E2F2F1513BC68367 /* Debug */,
				BC_75EA5F950AC90DE4BC065CA795D1CA2B /* Release */,
			);
			defaultConfigurationIsVisible = 0;
			defaultConfigurationName = Debug;
		};
		CL_F9F8E5C29FC002D3DA83B51E1F5CE80A /* Build configuration list for PBXNativeTarget "CoreRenderDemo" */ = {
			isa = XCConfigurationList;
			buildConfigurations = (
				BC_9CB47D8B80544CB01C54A839DC1062A0 /* Debug */,
				BC_3CDAC4962893EBD4CE193A32155E7C7D /* Release */,
			);
			defaultConfigurationIsVisible = 0;
			defaultConfigurationName = "";
		};
/* End XCConfigurationList section */
	};
	rootObject = P_F7458FFAE127E80AE8C3724B66BDD96A /* Project object */;
}
