{
  "object": {
    "pins": [
      {
        "package": "CoreRender",
        "repositoryURL": "https://github.com/alexdrone/CoreRender",
        "state": {
          "branch": "master",
          "revision": "b4acf35967f7206fadd852cd309678a44450f25e",
          "version": null
        }
      }
    ]
  },
  "version": 1
}
