{
  "object": {
    "pins": [
      {
        "package": "CoreRender",
        "repositoryURL": "https://github.com/alexdrone/CoreRender",
        "state": {
          "branch": "master",
          "revision": "99de775c57b5dcee4be40fed3026aad053b5addd",
          "version": null
        }
      }
    ]
  },
  "version": 1
}
