{
  "object": {
    "pins": [
      {
        "package": "CoreRender",
        "repositoryURL": "https://github.com/alexdrone/CoreRender",
        "state": {
          "branch": "master",
          "revision": "39e7dcb443bc9a618678f15d0b3b439d019c6954",
          "version": null
        }
      }
    ]
  },
  "version": 1
}
